{
    "name": "nfc-chatbot",
    "version": "1.0.0",
    "lockfileVersion": 1,
    "requires": true,
    "dependencies": {
        "@types/node": {
            "version": "8.5.9",
            "resolved": "https://registry.npmjs.org/@types/node/-/node-8.5.9.tgz",
            "integrity": "sha512-s+c3AjymyAccTI4hcgNFK4mToH8l+hyPDhu4LIkn71lRy56FLijGu00fyLgldjM/846Pmk9N4KFUs2P8GDs0pA=="
        },
        "ansi-gray": {
            "version": "0.1.1",
            "resolved": "https://registry.npmjs.org/ansi-gray/-/ansi-gray-0.1.1.tgz",
            "integrity": "sha1-KWLPVOyXksSFEKPetSRDaGHvclE=",
            "requires": {
                "ansi-wrap": "0.1.0"
            }
        },
        "ansi-wrap": {
            "version": "0.1.0",
            "resolved": "https://registry.npmjs.org/ansi-wrap/-/ansi-wrap-0.1.0.tgz",
            "integrity": "sha1-qCJQ3bABXponyoLoLqYDu/pF768="
        },
        "apparatus": {
            "version": "0.0.9",
            "resolved": "https://registry.npmjs.org/apparatus/-/apparatus-0.0.9.tgz",
            "integrity": "sha1-N9zSWDStC2UQdllikduCPusZCL0=",
            "requires": {
                "sylvester": "0.0.21"
            }
        },
        "bindings": {
            "version": "1.3.0",
            "resolved": "https://registry.npmjs.org/bindings/-/bindings-1.3.0.tgz",
            "integrity": "sha512-DpLh5EzMR2kzvX1KIlVC0VkC3iZtHKTgdtZ0a3pglBZdaQFjt5S9g9xd1lE+YvXyfd6mtCeRnrUfOLYiTMlNSw==",
            "optional": true
        },
        "color-support": {
            "version": "1.1.3",
            "resolved": "https://registry.npmjs.org/color-support/-/color-support-1.1.3.tgz",
            "integrity": "sha512-qiBjkpbMLO/HL68y+lh4q0/O1MZFj2RX6X/KmMa3+gJD3z+WwI1ZzDHysvqHGS3mP6mznPckpXmw1nI9cJjyRg=="
        },
        "debug": {
            "version": "3.1.0",
            "resolved": "https://registry.npmjs.org/debug/-/debug-3.1.0.tgz",
            "integrity": "sha512-OX8XqP7/1a9cqkxYw2yXss15f26NKWBpDXQd0/uK/KPqdQhxbPa994hnzjcE2VqQpDslf55723cKPUOGSmMY3g==",
            "requires": {
                "ms": "2.0.0"
            }
        },
        "encoding": {
            "version": "0.1.12",
            "resolved": "https://registry.npmjs.org/encoding/-/encoding-0.1.12.tgz",
            "integrity": "sha1-U4tm8+5izRq1HsMjgp0flIDHS+s=",
            "requires": {
                "iconv-lite": "0.4.19"
            }
        },
        "fancy-log": {
            "version": "1.3.2",
            "resolved": "https://registry.npmjs.org/fancy-log/-/fancy-log-1.3.2.tgz",
            "integrity": "sha1-9BEl49hPLn2JpD0G2VjI94vha+E=",
            "requires": {
                "ansi-gray": "0.1.1",
                "color-support": "1.1.3",
                "time-stamp": "1.1.0"
            }
        },
        "iconv-lite": {
            "version": "0.4.19",
            "resolved": "https://registry.npmjs.org/iconv-lite/-/iconv-lite-0.4.19.tgz",
            "integrity": "sha512-oTZqweIP51xaGPI4uPa56/Pri/480R+mo7SeU+YETByQNhDG55ycFyNLIgta9vXhILrxXDmF7ZGhqZIcuN0gJQ=="
        },
        "is-stream": {
            "version": "1.1.0",
            "resolved": "https://registry.npmjs.org/is-stream/-/is-stream-1.1.0.tgz",
            "integrity": "sha1-EtSj3U5o4Lec6428hBc66A2RykQ="
        },
        "levenshtein": {
            "version": "1.0.5",
            "resolved": "https://registry.npmjs.org/levenshtein/-/levenshtein-1.0.5.tgz",
            "integrity": "sha1-ORFzepy1baNF0Aj1V4LG8TiXm6M="
        },
        "ms": {
            "version": "2.0.0",
            "resolved": "https://registry.npmjs.org/ms/-/ms-2.0.0.tgz",
            "integrity": "sha1-VgiurfwAvmwpAd9fmGF4jeDVl8g="
        },
        "nan": {
            "version": "2.8.0",
            "resolved": "https://registry.npmjs.org/nan/-/nan-2.8.0.tgz",
            "integrity": "sha1-7XFfP+neArV6XmJS2QqWZ14fCFo=",
            "optional": true
        },
        "natural": {
            "version": "0.5.6",
            "resolved": "https://registry.npmjs.org/natural/-/natural-0.5.6.tgz",
            "integrity": "sha1-8hUrYfNr78b+Dta8gR+0mebp3M0=",
            "requires": {
                "apparatus": "0.0.9",
                "sylvester": "0.0.21",
                "underscore": "1.8.3",
                "webworker-threads": "0.7.13"
            }
        },
        "node-fetch": {
            "version": "1.7.3",
            "resolved": "https://registry.npmjs.org/node-fetch/-/node-fetch-1.7.3.tgz",
            "integrity": "sha512-NhZ4CsKx7cYm2vSrBAr2PvFOe6sWDf0UYLRqA6svUYg7+/TSfVAu49jYC4BvQ4Sms9SZgdqGBgroqfDhJdTyKQ==",
            "requires": {
                "encoding": "0.1.12",
                "is-stream": "1.1.0"
            }
        },
        "sandwich-stream": {
            "version": "1.0.0",
            "resolved": "https://registry.npmjs.org/sandwich-stream/-/sandwich-stream-1.0.0.tgz",
            "integrity": "sha1-eDDkV5e1kzKH8fmyj4cZB0ViYvI="
        },
        "speakeasy-nlp": {
            "version": "0.2.12",
            "resolved": "https://registry.npmjs.org/speakeasy-nlp/-/speakeasy-nlp-0.2.12.tgz",
            "integrity": "sha1-wkZhoZOLe0NA2Fg9PR7Jy1vK58g=",
            "requires": {
                "levenshtein": "1.0.5"
            }
        },
        "sylvester": {
            "version": "0.0.21",
            "resolved": "https://registry.npmjs.org/sylvester/-/sylvester-0.0.21.tgz",
            "integrity": "sha1-KYexzivS84sNzio0OIiEv6RADqc="
        },
        "telegraf": {
            "version": "3.17.7",
            "resolved": "https://registry.npmjs.org/telegraf/-/telegraf-3.17.7.tgz",
            "integrity": "sha512-Kk+Fm89RMHZeJImb+ubBWAJawUgT+LVh5yLlq6tPUZlTZi+tPR6YKxNfm0S5BYGYY+PwUteCnSxlNQgvIg1GrQ==",
            "requires": {
                "debug": "3.1.0",
                "node-fetch": "1.7.3",
                "sandwich-stream": "1.0.0"
            }
        },
        "time-stamp": {
            "version": "1.1.0",
            "resolved": "https://registry.npmjs.org/time-stamp/-/time-stamp-1.1.0.tgz",
            "integrity": "sha1-dkpaEa9QVhkhsTPztE5hhofg9cM="
        },
        "underscore": {
            "version": "1.8.3",
            "resolved": "https://registry.npmjs.org/underscore/-/underscore-1.8.3.tgz",
            "integrity": "sha1-Tz+1OxBuYJf8+ctBCfKl6b36UCI="
        },
        "webworker-threads": {
            "version": "0.7.13",
            "resolved": "https://registry.npmjs.org/webworker-threads/-/webworker-threads-0.7.13.tgz",
            "integrity": "sha1-yEsYtrokElu503NC5E3rgVFi+4M=",
            "optional": true,
            "requires": {
                "bindings": "1.3.0",
                "nan": "2.8.0"
            }
        }
    }
}
